// !$*UTF8*$!
{
	archiveVersion = 1;
	classes = {
	};
	objectVersion = 55;
	objects = {

/* Begin PBXBuildFile section */
		09DABD7127F8AB0E009160EB /* MoneyTacticsApp.swift in Sources */ = {isa = PBXBuildFile; fileRef = 09DABD7027F8AB0E009160EB /* MoneyTacticsApp.swift */; };
		09DABD7527F8AB10009160EB /* Assets.xcassets in Resources */ = {isa = PBXBuildFile; fileRef = 09DABD7427F8AB10009160EB /* Assets.xcassets */; };
		09DABD7827F8AB10009160EB /* Preview Assets.xcassets in Resources */ = {isa = PBXBuildFile; fileRef = 09DABD7727F8AB10009160EB /* Preview Assets.xcassets */; };
		09DABD7A27F8AB10009160EB /* Persistence.swift in Sources */ = {isa = PBXBuildFile; fileRef = 09DABD7927F8AB10009160EB /* Persistence.swift */; };
		09DABD7D27F8AB10009160EB /* MoneyTactics.xcdatamodeld in Sources */ = {isa = PBXBuildFile; fileRef = 09DABD7B27F8AB10009160EB /* MoneyTactics.xcdatamodeld */; };
		09DABD8727F8AB10009160EB /* MoneyTacticsTests.swift in Sources */ = {isa = PBXBuildFile; fileRef = 09DABD8627F8AB10009160EB /* MoneyTacticsTests.swift */; };
		09DABD9127F8AB10009160EB /* MoneyTacticsUITests.swift in Sources */ = {isa = PBXBuildFile; fileRef = 09DABD9027F8AB10009160EB /* MoneyTacticsUITests.swift */; };
		09DABD9327F8AB10009160EB /* MoneyTacticsUITestsLaunchTests.swift in Sources */ = {isa = PBXBuildFile; fileRef = 09DABD9227F8AB10009160EB /* MoneyTacticsUITestsLaunchTests.swift */; };
		09DABDA127F8B3F3009160EB /* BillView.swift in Sources */ = {isa = PBXBuildFile; fileRef = 09DABDA027F8B3F3009160EB /* BillView.swift */; };
		09DABDA327F90BD4009160EB /* BillCellView.swift in Sources */ = {isa = PBXBuildFile; fileRef = 09DABDA227F90BD4009160EB /* BillCellView.swift */; };
		09DABDA527F90F2F009160EB /* DateExtension.swift in Sources */ = {isa = PBXBuildFile; fileRef = 09DABDA427F90F2F009160EB /* DateExtension.swift */; };
		09DABDA727F9114B009160EB /* DoubleExtension.swift in Sources */ = {isa = PBXBuildFile; fileRef = 09DABDA627F9114B009160EB /* DoubleExtension.swift */; };
		09DABDA927F9E216009160EB /* AddBillView.swift in Sources */ = {isa = PBXBuildFile; fileRef = 09DABDA827F9E216009160EB /* AddBillView.swift */; };
		09DABDAD27F9E604009160EB /* AddBillViewModel.swift in Sources */ = {isa = PBXBuildFile; fileRef = 09DABDAC27F9E604009160EB /* AddBillViewModel.swift */; };
/* End PBXBuildFile section */

/* Begin PBXContainerItemProxy section */
		09DABD8327F8AB10009160EB /* PBXContainerItemProxy */ = {
			isa = PBXContainerItemProxy;
			containerPortal = 09DABD6527F8AB0E009160EB /* Project object */;
			proxyType = 1;
			remoteGlobalIDString = 09DABD6C27F8AB0E009160EB;
			remoteInfo = MoneyTactics;
		};
		09DABD8D27F8AB10009160EB /* PBXContainerItemProxy */ = {
			isa = PBXContainerItemProxy;
			containerPortal = 09DABD6527F8AB0E009160EB /* Project object */;
			proxyType = 1;
			remoteGlobalIDString = 09DABD6C27F8AB0E009160EB;
			remoteInfo = MoneyTactics;
		};
/* End PBXContainerItemProxy section */

/* Begin PBXFileReference section */
		09DABD6D27F8AB0E009160EB /* MoneyTactics.app */ = {isa = PBXFileReference; explicitFileType = wrapper.application; includeInIndex = 0; path = MoneyTactics.app; sourceTree = BUILT_PRODUCTS_DIR; };
		09DABD7027F8AB0E009160EB /* MoneyTacticsApp.swift */ = {isa = PBXFileReference; lastKnownFileType = sourcecode.swift; path = MoneyTacticsApp.swift; sourceTree = "<group>"; };
		09DABD7427F8AB10009160EB /* Assets.xcassets */ = {isa = PBXFileReference; lastKnownFileType = folder.assetcatalog; path = Assets.xcassets; sourceTree = "<group>"; };
		09DABD7727F8AB10009160EB /* Preview Assets.xcassets */ = {isa = PBXFileReference; lastKnownFileType = folder.assetcatalog; path = "Preview Assets.xcassets"; sourceTree = "<group>"; };
		09DABD7927F8AB10009160EB /* Persistence.swift */ = {isa = PBXFileReference; lastKnownFileType = sourcecode.swift; path = Persistence.swift; sourceTree = "<group>"; };
		09DABD7C27F8AB10009160EB /* MoneyTactics.xcdatamodel */ = {isa = PBXFileReference; lastKnownFileType = wrapper.xcdatamodel; path = MoneyTactics.xcdatamodel; sourceTree = "<group>"; };
		09DABD8227F8AB10009160EB /* MoneyTacticsTests.xctest */ = {isa = PBXFileReference; explicitFileType = wrapper.cfbundle; includeInIndex = 0; path = MoneyTacticsTests.xctest; sourceTree = BUILT_PRODUCTS_DIR; };
		09DABD8627F8AB10009160EB /* MoneyTacticsTests.swift */ = {isa = PBXFileReference; lastKnownFileType = sourcecode.swift; path = MoneyTacticsTests.swift; sourceTree = "<group>"; };
		09DABD8C27F8AB10009160EB /* MoneyTacticsUITests.xctest */ = {isa = PBXFileReference; explicitFileType = wrapper.cfbundle; includeInIndex = 0; path = MoneyTacticsUITests.xctest; sourceTree = BUILT_PRODUCTS_DIR; };
		09DABD9027F8AB10009160EB /* MoneyTacticsUITests.swift */ = {isa = PBXFileReference; lastKnownFileType = sourcecode.swift; path = MoneyTacticsUITests.swift; sourceTree = "<group>"; };
		09DABD9227F8AB10009160EB /* MoneyTacticsUITestsLaunchTests.swift */ = {isa = PBXFileReference; lastKnownFileType = sourcecode.swift; path = MoneyTacticsUITestsLaunchTests.swift; sourceTree = "<group>"; };
		09DABDA027F8B3F3009160EB /* BillView.swift */ = {isa = PBXFileReference; lastKnownFileType = sourcecode.swift; path = BillView.swift; sourceTree = "<group>"; };
		09DABDA227F90BD4009160EB /* BillCellView.swift */ = {isa = PBXFileReference; lastKnownFileType = sourcecode.swift; path = BillCellView.swift; sourceTree = "<group>"; };
		09DABDA427F90F2F009160EB /* DateExtension.swift */ = {isa = PBXFileReference; lastKnownFileType = sourcecode.swift; path = DateExtension.swift; sourceTree = "<group>"; };
		09DABDA627F9114B009160EB /* DoubleExtension.swift */ = {isa = PBXFileReference; lastKnownFileType = sourcecode.swift; path = DoubleExtension.swift; sourceTree = "<group>"; };
		09DABDA827F9E216009160EB /* AddBillView.swift */ = {isa = PBXFileReference; lastKnownFileType = sourcecode.swift; path = AddBillView.swift; sourceTree = "<group>"; };
		09DABDAC27F9E604009160EB /* AddBillViewModel.swift */ = {isa = PBXFileReference; lastKnownFileType = sourcecode.swift; path = AddBillViewModel.swift; sourceTree = "<group>"; };
/* End PBXFileReference section */

/* Begin PBXFrameworksBuildPhase section */
		09DABD6A27F8AB0E009160EB /* Frameworks */ = {
			isa = PBXFrameworksBuildPhase;
			buildActionMask = 2147483647;
			files = (
			);
			runOnlyForDeploymentPostprocessing = 0;
		};
		09DABD7F27F8AB10009160EB /* Frameworks */ = {
			isa = PBXFrameworksBuildPhase;
			buildActionMask = 2147483647;
			files = (
			);
			runOnlyForDeploymentPostprocessing = 0;
		};
		09DABD8927F8AB10009160EB /* Frameworks */ = {
			isa = PBXFrameworksBuildPhase;
			buildActionMask = 2147483647;
			files = (
			);
			runOnlyForDeploymentPostprocessing = 0;
		};
/* End PBXFrameworksBuildPhase section */

/* Begin PBXGroup section */
		09DABD6427F8AB0E009160EB = {
			isa = PBXGroup;
			children = (
				09DABD6F27F8AB0E009160EB /* MoneyTactics */,
				09DABD8527F8AB10009160EB /* MoneyTacticsTests */,
				09DABD8F27F8AB10009160EB /* MoneyTacticsUITests */,
				09DABD6E27F8AB0E009160EB /* Products */,
			);
			sourceTree = "<group>";
		};
		09DABD6E27F8AB0E009160EB /* Products */ = {
			isa = PBXGroup;
			children = (
				09DABD6D27F8AB0E009160EB /* MoneyTactics.app */,
				09DABD8227F8AB10009160EB /* MoneyTacticsTests.xctest */,
				09DABD8C27F8AB10009160EB /* MoneyTacticsUITests.xctest */,
			);
			name = Products;
			sourceTree = "<group>";
		};
		09DABD6F27F8AB0E009160EB /* MoneyTactics */ = {
			isa = PBXGroup;
			children = (
				09DABDAB27F9E5CE009160EB /* Model */,
				09DABD9F27F8B30D009160EB /* Views */,
				09DABDAA27F9E5BA009160EB /* ViewModel */,
				09DABD7427F8AB10009160EB /* Assets.xcassets */,
				09DABD7627F8AB10009160EB /* Preview Content */,
				09DABDA427F90F2F009160EB /* DateExtension.swift */,
				09DABDA627F9114B009160EB /* DoubleExtension.swift */,
			);
			path = MoneyTactics;
			sourceTree = "<group>";
		};
		09DABD7627F8AB10009160EB /* Preview Content */ = {
			isa = PBXGroup;
			children = (
				09DABD7727F8AB10009160EB /* Preview Assets.xcassets */,
			);
			path = "Preview Content";
			sourceTree = "<group>";
		};
		09DABD8527F8AB10009160EB /* MoneyTacticsTests */ = {
			isa = PBXGroup;
			children = (
				09DABD8627F8AB10009160EB /* MoneyTacticsTests.swift */,
			);
			path = MoneyTacticsTests;
			sourceTree = "<group>";
		};
		09DABD8F27F8AB10009160EB /* MoneyTacticsUITests */ = {
			isa = PBXGroup;
			children = (
				09DABD9027F8AB10009160EB /* MoneyTacticsUITests.swift */,
				09DABD9227F8AB10009160EB /* MoneyTacticsUITestsLaunchTests.swift */,
			);
			path = MoneyTacticsUITests;
			sourceTree = "<group>";
		};
		09DABD9F27F8B30D009160EB /* Views */ = {
			isa = PBXGroup;
			children = (
				09DABDA027F8B3F3009160EB /* BillView.swift */,
				09DABDA227F90BD4009160EB /* BillCellView.swift */,
				09DABDA827F9E216009160EB /* AddBillView.swift */,
			);
			path = Views;
			sourceTree = "<group>";
		};
		09DABDAA27F9E5BA009160EB /* ViewModel */ = {
			isa = PBXGroup;
			children = (
				09DABDAC27F9E604009160EB /* AddBillViewModel.swift */,
			);
			path = ViewModel;
			sourceTree = "<group>";
		};
		09DABDAB27F9E5CE009160EB /* Model */ = {
			isa = PBXGroup;
			children = (
				09DABD7927F8AB10009160EB /* Persistence.swift */,
				09DABD7027F8AB0E009160EB /* MoneyTacticsApp.swift */,
				09DABD7B27F8AB10009160EB /* MoneyTactics.xcdatamodeld */,
			);
			path = Model;
			sourceTree = "<group>";
		};
/* End PBXGroup section */

/* Begin PBXNativeTarget section */
		09DABD6C27F8AB0E009160EB /* MoneyTactics */ = {
			isa = PBXNativeTarget;
			buildConfigurationList = 09DABD9627F8AB10009160EB /* Build configuration list for PBXNativeTarget "MoneyTactics" */;
			buildPhases = (
				09DABD6927F8AB0E009160EB /* Sources */,
				09DABD6A27F8AB0E009160EB /* Frameworks */,
				09DABD6B27F8AB0E009160EB /* Resources */,
			);
			buildRules = (
			);
			dependencies = (
			);
			name = MoneyTactics;
			productName = MoneyTactics;
			productReference = 09DABD6D27F8AB0E009160EB /* MoneyTactics.app */;
			productType = "com.apple.product-type.application";
		};
		09DABD8127F8AB10009160EB /* MoneyTacticsTests */ = {
			isa = PBXNativeTarget;
			buildConfigurationList = 09DABD9927F8AB10009160EB /* Build configuration list for PBXNativeTarget "MoneyTacticsTests" */;
			buildPhases = (
				09DABD7E27F8AB10009160EB /* Sources */,
				09DABD7F27F8AB10009160EB /* Frameworks */,
				09DABD8027F8AB10009160EB /* Resources */,
			);
			buildRules = (
			);
			dependencies = (
				09DABD8427F8AB10009160EB /* PBXTargetDependency */,
			);
			name = MoneyTacticsTests;
			productName = MoneyTacticsTests;
			productReference = 09DABD8227F8AB10009160EB /* MoneyTacticsTests.xctest */;
			productType = "com.apple.product-type.bundle.unit-test";
		};
		09DABD8B27F8AB10009160EB /* MoneyTacticsUITests */ = {
			isa = PBXNativeTarget;
			buildConfigurationList = 09DABD9C27F8AB10009160EB /* Build configuration list for PBXNativeTarget "MoneyTacticsUITests" */;
			buildPhases = (
				09DABD8827F8AB10009160EB /* Sources */,
				09DABD8927F8AB10009160EB /* Frameworks */,
				09DABD8A27F8AB10009160EB /* Resources */,
			);
			buildRules = (
			);
			dependencies = (
				09DABD8E27F8AB10009160EB /* PBXTargetDependency */,
			);
			name = MoneyTacticsUITests;
			productName = MoneyTacticsUITests;
			productReference = 09DABD8C27F8AB10009160EB /* MoneyTacticsUITests.xctest */;
			productType = "com.apple.product-type.bundle.ui-testing";
		};
/* End PBXNativeTarget section */

/* Begin PBXProject section */
		09DABD6527F8AB0E009160EB /* Project object */ = {
			isa = PBXProject;
			attributes = {
				BuildIndependentTargetsInParallel = 1;
				LastSwiftUpdateCheck = 1330;
				LastUpgradeCheck = 1330;
				TargetAttributes = {
					09DABD6C27F8AB0E009160EB = {
						CreatedOnToolsVersion = 13.3;
					};
					09DABD8127F8AB10009160EB = {
						CreatedOnToolsVersion = 13.3;
						TestTargetID = 09DABD6C27F8AB0E009160EB;
					};
					09DABD8B27F8AB10009160EB = {
						CreatedOnToolsVersion = 13.3;
						TestTargetID = 09DABD6C27F8AB0E009160EB;
					};
				};
			};
			buildConfigurationList = 09DABD6827F8AB0E009160EB /* Build configuration list for PBXProject "MoneyTactics" */;
			compatibilityVersion = "Xcode 13.0";
			developmentRegion = en;
			hasScannedForEncodings = 0;
			knownRegions = (
				en,
				Base,
			);
			mainGroup = 09DABD6427F8AB0E009160EB;
			productRefGroup = 09DABD6E27F8AB0E009160EB /* Products */;
			projectDirPath = "";
			projectRoot = "";
			targets = (
				09DABD6C27F8AB0E009160EB /* MoneyTactics */,
				09DABD8127F8AB10009160EB /* MoneyTacticsTests */,
				09DABD8B27F8AB10009160EB /* MoneyTacticsUITests */,
			);
		};
/* End PBXProject section */

/* Begin PBXResourcesBuildPhase section */
		09DABD6B27F8AB0E009160EB /* Resources */ = {
			isa = PBXResourcesBuildPhase;
			buildActionMask = 2147483647;
			files = (
				09DABD7827F8AB10009160EB /* Preview Assets.xcassets in Resources */,
				09DABD7527F8AB10009160EB /* Assets.xcassets in Resources */,
			);
			runOnlyForDeploymentPostprocessing = 0;
		};
		09DABD8027F8AB10009160EB /* Resources */ = {
			isa = PBXResourcesBuildPhase;
			buildActionMask = 2147483647;
			files = (
			);
			runOnlyForDeploymentPostprocessing = 0;
		};
		09DABD8A27F8AB10009160EB /* Resources */ = {
			isa = PBXResourcesBuildPhase;
			buildActionMask = 2147483647;
			files = (
			);
			runOnlyForDeploymentPostprocessing = 0;
		};
/* End PBXResourcesBuildPhase section */

/* Begin PBXSourcesBuildPhase section */
		09DABD6927F8AB0E009160EB /* Sources */ = {
			isa = PBXSourcesBuildPhase;
			buildActionMask = 2147483647;
			files = (
				09DABDA327F90BD4009160EB /* BillCellView.swift in Sources */,
				09DABDA527F90F2F009160EB /* DateExtension.swift in Sources */,
				09DABDA127F8B3F3009160EB /* BillView.swift in Sources */,
				09DABDA927F9E216009160EB /* AddBillView.swift in Sources */,
				09DABD7D27F8AB10009160EB /* MoneyTactics.xcdatamodeld in Sources */,
				09DABD7A27F8AB10009160EB /* Persistence.swift in Sources */,
				09DABDA727F9114B009160EB /* DoubleExtension.swift in Sources */,
				09DABD7127F8AB0E009160EB /* MoneyTacticsApp.swift in Sources */,
				09DABDAD27F9E604009160EB /* AddBillViewModel.swift in Sources */,
			);
			runOnlyForDeploymentPostprocessing = 0;
		};
		09DABD7E27F8AB10009160EB /* Sources */ = {
			isa = PBXSourcesBuildPhase;
			buildActionMask = 2147483647;
			files = (
				09DABD8727F8AB10009160EB /* MoneyTacticsTests.swift in Sources */,
			);
			runOnlyForDeploymentPostprocessing = 0;
		};
		09DABD8827F8AB10009160EB /* Sources */ = {
			isa = PBXSourcesBuildPhase;
			buildActionMask = 2147483647;
			files = (
				09DABD9127F8AB10009160EB /* MoneyTacticsUITests.swift in Sources */,
				09DABD9327F8AB10009160EB /* MoneyTacticsUITestsLaunchTests.swift in Sources */,
			);
			runOnlyForDeploymentPostprocessing = 0;
		};
/* End PBXSourcesBuildPhase section */

/* Begin PBXTargetDependency section */
		09DABD8427F8AB10009160EB /* PBXTargetDependency */ = {
			isa = PBXTargetDependency;
			target = 09DABD6C27F8AB0E009160EB /* MoneyTactics */;
			targetProxy = 09DABD8327F8AB10009160EB /* PBXContainerItemProxy */;
		};
		09DABD8E27F8AB10009160EB /* PBXTargetDependency */ = {
			isa = PBXTargetDependency;
			target = 09DABD6C27F8AB0E009160EB /* MoneyTactics */;
			targetProxy = 09DABD8D27F8AB10009160EB /* PBXContainerItemProxy */;
		};
/* End PBXTargetDependency section */

/* Begin XCBuildConfiguration section */
		09DABD9427F8AB10009160EB /* Debug */ = {
			isa = XCBuildConfiguration;
			buildSettings = {
				ALWAYS_SEARCH_USER_PATHS = NO;
				CLANG_ANALYZER_NONNULL = YES;
				CLANG_ANALYZER_NUMBER_OBJECT_CONVERSION = YES_AGGRESSIVE;
				CLANG_CXX_LANGUAGE_STANDARD = "gnu++17";
				CLANG_ENABLE_MODULES = YES;
				CLANG_ENABLE_OBJC_ARC = YES;
				CLANG_ENABLE_OBJC_WEAK = YES;
				CLANG_WARN_BLOCK_CAPTURE_AUTORELEASING = YES;
				CLANG_WARN_BOOL_CONVERSION = YES;
				CLANG_WARN_COMMA = YES;
				CLANG_WARN_CONSTANT_CONVERSION = YES;
				CLANG_WARN_DEPRECATED_OBJC_IMPLEMENTATIONS = YES;
				CLANG_WARN_DIRECT_OBJC_ISA_USAGE = YES_ERROR;
				CLANG_WARN_DOCUMENTATION_COMMENTS = YES;
				CLANG_WARN_EMPTY_BODY = YES;
				CLANG_WARN_ENUM_CONVERSION = YES;
				CLANG_WARN_INFINITE_RECURSION = YES;
				CLANG_WARN_INT_CONVERSION = YES;
				CLANG_WARN_NON_LITERAL_NULL_CONVERSION = YES;
				CLANG_WARN_OBJC_IMPLICIT_RETAIN_SELF = YES;
				CLANG_WARN_OBJC_LITERAL_CONVERSION = YES;
				CLANG_WARN_OBJC_ROOT_CLASS = YES_ERROR;
				CLANG_WARN_QUOTED_INCLUDE_IN_FRAMEWORK_HEADER = YES;
				CLANG_WARN_RANGE_LOOP_ANALYSIS = YES;
				CLANG_WARN_STRICT_PROTOTYPES = YES;
				CLANG_WARN_SUSPICIOUS_MOVE = YES;
				CLANG_WARN_UNGUARDED_AVAILABILITY = YES_AGGRESSIVE;
				CLANG_WARN_UNREACHABLE_CODE = YES;
				CLANG_WARN__DUPLICATE_METHOD_MATCH = YES;
				COPY_PHASE_STRIP = NO;
				DEBUG_INFORMATION_FORMAT = dwarf;
				ENABLE_STRICT_OBJC_MSGSEND = YES;
				ENABLE_TESTABILITY = YES;
				GCC_C_LANGUAGE_STANDARD = gnu11;
				GCC_DYNAMIC_NO_PIC = NO;
				GCC_NO_COMMON_BLOCKS = YES;
				GCC_OPTIMIZATION_LEVEL = 0;
				GCC_PREPROCESSOR_DEFINITIONS = (
					"DEBUG=1",
					"$(inherited)",
				);
				GCC_WARN_64_TO_32_BIT_CONVERSION = YES;
				GCC_WARN_ABOUT_RETURN_TYPE = YES_ERROR;
				GCC_WARN_UNDECLARED_SELECTOR = YES;
				GCC_WARN_UNINITIALIZED_AUTOS = YES_AGGRESSIVE;
				GCC_WARN_UNUSED_FUNCTION = YES;
				GCC_WARN_UNUSED_VARIABLE = YES;
				IPHONEOS_DEPLOYMENT_TARGET = 15.4;
				MTL_ENABLE_DEBUG_INFO = INCLUDE_SOURCE;
				MTL_FAST_MATH = YES;
				ONLY_ACTIVE_ARCH = YES;
				SDKROOT = iphoneos;
				SWIFT_ACTIVE_COMPILATION_CONDITIONS = DEBUG;
				SWIFT_OPTIMIZATION_LEVEL = "-Onone";
			};
			name = Debug;
		};
		09DABD9527F8AB10009160EB /* Release */ = {
			isa = XCBuildConfiguration;
			buildSettings = {
				ALWAYS_SEARCH_USER_PATHS = NO;
				CLANG_ANALYZER_NONNULL = YES;
				CLANG_ANALYZER_NUMBER_OBJECT_CONVERSION = YES_AGGRESSIVE;
				CLANG_CXX_LANGUAGE_STANDARD = "gnu++17";
				CLANG_ENABLE_MODULES = YES;
				CLANG_ENABLE_OBJC_ARC = YES;
				CLANG_ENABLE_OBJC_WEAK = YES;
				CLANG_WARN_BLOCK_CAPTURE_AUTORELEASING = YES;
				CLANG_WARN_BOOL_CONVERSION = YES;
				CLANG_WARN_COMMA = YES;
				CLANG_WARN_CONSTANT_CONVERSION = YES;
				CLANG_WARN_DEPRECATED_OBJC_IMPLEMENTATIONS = YES;
				CLANG_WARN_DIRECT_OBJC_ISA_USAGE = YES_ERROR;
				CLANG_WARN_DOCUMENTATION_COMMENTS = YES;
				CLANG_WARN_EMPTY_BODY = YES;
				CLANG_WARN_ENUM_CONVERSION = YES;
				CLANG_WARN_INFINITE_RECURSION = YES;
				CLANG_WARN_INT_CONVERSION = YES;
				CLANG_WARN_NON_LITERAL_NULL_CONVERSION = YES;
				CLANG_WARN_OBJC_IMPLICIT_RETAIN_SELF = YES;
				CLANG_WARN_OBJC_LITERAL_CONVERSION = YES;
				CLANG_WARN_OBJC_ROOT_CLASS = YES_ERROR;
				CLANG_WARN_QUOTED_INCLUDE_IN_FRAMEWORK_HEADER = YES;
				CLANG_WARN_RANGE_LOOP_ANALYSIS = YES;
				CLANG_WARN_STRICT_PROTOTYPES = YES;
				CLANG_WARN_SUSPICIOUS_MOVE = YES;
				CLANG_WARN_UNGUARDED_AVAILABILITY = YES_AGGRESSIVE;
				CLANG_WARN_UNREACHABLE_CODE = YES;
				CLANG_WARN__DUPLICATE_METHOD_MATCH = YES;
				COPY_PHASE_STRIP = NO;
				DEBUG_INFORMATION_FORMAT = "dwarf-with-dsym";
				ENABLE_NS_ASSERTIONS = NO;
				ENABLE_STRICT_OBJC_MSGSEND = YES;
				GCC_C_LANGUAGE_STANDARD = gnu11;
				GCC_NO_COMMON_BLOCKS = YES;
				GCC_WARN_64_TO_32_BIT_CONVERSION = YES;
				GCC_WARN_ABOUT_RETURN_TYPE = YES_ERROR;
				GCC_WARN_UNDECLARED_SELECTOR = YES;
				GCC_WARN_UNINITIALIZED_AUTOS = YES_AGGRESSIVE;
				GCC_WARN_UNUSED_FUNCTION = YES;
				GCC_WARN_UNUSED_VARIABLE = YES;
				IPHONEOS_DEPLOYMENT_TARGET = 15.4;
				MTL_ENABLE_DEBUG_INFO = NO;
				MTL_FAST_MATH = YES;
				SDKROOT = iphoneos;
				SWIFT_COMPILATION_MODE = wholemodule;
				SWIFT_OPTIMIZATION_LEVEL = "-O";
				VALIDATE_PRODUCT = YES;
			};
			name = Release;
		};
		09DABD9727F8AB10009160EB /* Debug */ = {
			isa = XCBuildConfiguration;
			buildSettings = {
				ASSETCATALOG_COMPILER_APPICON_NAME = AppIcon;
				ASSETCATALOG_COMPILER_GLOBAL_ACCENT_COLOR_NAME = AccentColor;
				CODE_SIGN_STYLE = Automatic;
				CURRENT_PROJECT_VERSION = 1;
				DEVELOPMENT_ASSET_PATHS = "\"MoneyTactics/Preview Content\"";
				DEVELOPMENT_TEAM = W59W3QVKXJ;
				ENABLE_PREVIEWS = YES;
				GENERATE_INFOPLIST_FILE = YES;
				INFOPLIST_KEY_UIApplicationSceneManifest_Generation = YES;
				INFOPLIST_KEY_UIApplicationSupportsIndirectInputEvents = YES;
				INFOPLIST_KEY_UILaunchScreen_Generation = YES;
				INFOPLIST_KEY_UISupportedInterfaceOrientations_iPad = "UIInterfaceOrientationPortrait UIInterfaceOrientationPortraitUpsideDown UIInterfaceOrientationLandscapeLeft UIInterfaceOrientationLandscapeRight";
				INFOPLIST_KEY_UISupportedInterfaceOrientations_iPhone = "UIInterfaceOrientationPortrait UIInterfaceOrientationLandscapeLeft UIInterfaceOrientationLandscapeRight";
				LD_RUNPATH_SEARCH_PATHS = (
					"$(inherited)",
					"@executable_path/Frameworks",
				);
				MARKETING_VERSION = 1.0;
				PRODUCT_BUNDLE_IDENTIFIER = com.nuralab.MoneyTactics;
				PRODUCT_NAME = "$(TARGET_NAME)";
				SWIFT_EMIT_LOC_STRINGS = YES;
				SWIFT_VERSION = 5.0;
				TARGETED_DEVICE_FAMILY = "1,2";
			};
			name = Debug;
		};
		09DABD9827F8AB10009160EB /* Release */ = {
			isa = XCBuildConfiguration;
			buildSettings = {
				ASSETCATALOG_COMPILER_APPICON_NAME = AppIcon;
				ASSETCATALOG_COMPILER_GLOBAL_ACCENT_COLOR_NAME = AccentColor;
				CODE_SIGN_STYLE = Automatic;
				CURRENT_PROJECT_VERSION = 1;
				DEVELOPMENT_ASSET_PATHS = "\"MoneyTactics/Preview Content\"";
				DEVELOPMENT_TEAM = W59W3QVKXJ;
				ENABLE_PREVIEWS = YES;
				GENERATE_INFOPLIST_FILE = YES;
				INFOPLIST_KEY_UIApplicationSceneManifest_Generation = YES;
				INFOPLIST_KEY_UIApplicationSupportsIndirectInputEvents = YES;
				INFOPLIST_KEY_UILaunchScreen_Generation = YES;
				INFOPLIST_KEY_UISupportedInterfaceOrientations_iPad = "UIInterfaceOrientationPortrait UIInterfaceOrientationPortraitUpsideDown UIInterfaceOrientationLandscapeLeft UIInterfaceOrientationLandscapeRight";
				INFOPLIST_KEY_UISupportedInterfaceOrientations_iPhone = "UIInterfaceOrientationPortrait UIInterfaceOrientationLandscapeLeft UIInterfaceOrientationLandscapeRight";
				LD_RUNPATH_SEARCH_PATHS = (
					"$(inherited)",
					"@executable_path/Frameworks",
				);
				MARKETING_VERSION = 1.0;
				PRODUCT_BUNDLE_IDENTIFIER = com.nuralab.MoneyTactics;
				PRODUCT_NAME = "$(TARGET_NAME)";
				SWIFT_EMIT_LOC_STRINGS = YES;
				SWIFT_VERSION = 5.0;
				TARGETED_DEVICE_FAMILY = "1,2";
			};
			name = Release;
		};
		09DABD9A27F8AB10009160EB /* Debug */ = {
			isa = XCBuildConfiguration;
			buildSettings = {
				ALWAYS_EMBED_SWIFT_STANDARD_LIBRARIES = YES;
				BUNDLE_LOADER = "$(TEST_HOST)";
				CODE_SIGN_STYLE = Automatic;
				CURRENT_PROJECT_VERSION = 1;
				DEVELOPMENT_TEAM = W59W3QVKXJ;
				GENERATE_INFOPLIST_FILE = YES;
				IPHONEOS_DEPLOYMENT_TARGET = 15.4;
				MARKETING_VERSION = 1.0;
				PRODUCT_BUNDLE_IDENTIFIER = com.nuralab.MoneyTacticsTests;
				PRODUCT_NAME = "$(TARGET_NAME)";
				SWIFT_EMIT_LOC_STRINGS = NO;
				SWIFT_VERSION = 5.0;
				TARGETED_DEVICE_FAMILY = "1,2";
				TEST_HOST = "$(BUILT_PRODUCTS_DIR)/MoneyTactics.app/MoneyTactics";
			};
			name = Debug;
		};
		09DABD9B27F8AB10009160EB /* Release */ = {
			isa = XCBuildConfiguration;
			buildSettings = {
				ALWAYS_EMBED_SWIFT_STANDARD_LIBRARIES = YES;
				BUNDLE_LOADER = "$(TEST_HOST)";
				CODE_SIGN_STYLE = Automatic;
				CURRENT_PROJECT_VERSION = 1;
				DEVELOPMENT_TEAM = W59W3QVKXJ;
				GENERATE_INFOPLIST_FILE = YES;
				IPHONEOS_DEPLOYMENT_TARGET = 15.4;
				MARKETING_VERSION = 1.0;
				PRODUCT_BUNDLE_IDENTIFIER = com.nuralab.MoneyTacticsTests;
				PRODUCT_NAME = "$(TARGET_NAME)";
				SWIFT_EMIT_LOC_STRINGS = NO;
				SWIFT_VERSION = 5.0;
				TARGETED_DEVICE_FAMILY = "1,2";
				TEST_HOST = "$(BUILT_PRODUCTS_DIR)/MoneyTactics.app/MoneyTactics";
			};
			name = Release;
		};
		09DABD9D27F8AB10009160EB /* Debug */ = {
			isa = XCBuildConfiguration;
			buildSettings = {
				ALWAYS_EMBED_SWIFT_STANDARD_LIBRARIES = YES;
				CODE_SIGN_STYLE = Automatic;
				CURRENT_PROJECT_VERSION = 1;
				DEVELOPMENT_TEAM = W59W3QVKXJ;
				GENERATE_INFOPLIST_FILE = YES;
				MARKETING_VERSION = 1.0;
				PRODUCT_BUNDLE_IDENTIFIER = com.nuralab.MoneyTacticsUITests;
				PRODUCT_NAME = "$(TARGET_NAME)";
				SWIFT_EMIT_LOC_STRINGS = NO;
				SWIFT_VERSION = 5.0;
				TARGETED_DEVICE_FAMILY = "1,2";
				TEST_TARGET_NAME = MoneyTactics;
			};
			name = Debug;
		};
		09DABD9E27F8AB10009160EB /* Release */ = {
			isa = XCBuildConfiguration;
			buildSettings = {
				ALWAYS_EMBED_SWIFT_STANDARD_LIBRARIES = YES;
				CODE_SIGN_STYLE = Automatic;
				CURRENT_PROJECT_VERSION = 1;
				DEVELOPMENT_TEAM = W59W3QVKXJ;
				GENERATE_INFOPLIST_FILE = YES;
				MARKETING_VERSION = 1.0;
				PRODUCT_BUNDLE_IDENTIFIER = com.nuralab.MoneyTacticsUITests;
				PRODUCT_NAME = "$(TARGET_NAME)";
				SWIFT_EMIT_LOC_STRINGS = NO;
				SWIFT_VERSION = 5.0;
				TARGETED_DEVICE_FAMILY = "1,2";
				TEST_TARGET_NAME = MoneyTactics;
			};
			name = Release;
		};
/* End XCBuildConfiguration section */

/* Begin XCConfigurationList section */
		09DABD6827F8AB0E009160EB /* Build configuration list for PBXProject "MoneyTactics" */ = {
			isa = XCConfigurationList;
			buildConfigurations = (
				09DABD9427F8AB10009160EB /* Debug */,
				09DABD9527F8AB10009160EB /* Release */,
			);
			defaultConfigurationIsVisible = 0;
			defaultConfigurationName = Release;
		};
		09DABD9627F8AB10009160EB /* Build configuration list for PBXNativeTarget "MoneyTactics" */ = {
			isa = XCConfigurationList;
			buildConfigurations = (
				09DABD9727F8AB10009160EB /* Debug */,
				09DABD9827F8AB10009160EB /* Release */,
			);
			defaultConfigurationIsVisible = 0;
			defaultConfigurationName = Release;
		};
		09DABD9927F8AB10009160EB /* Build configuration list for PBXNativeTarget "MoneyTacticsTests" */ = {
			isa = XCConfigurationList;
			buildConfigurations = (
				09DABD9A27F8AB10009160EB /* Debug */,
				09DABD9B27F8AB10009160EB /* Release */,
			);
			defaultConfigurationIsVisible = 0;
			defaultConfigurationName = Release;
		};
		09DABD9C27F8AB10009160EB /* Build configuration list for PBXNativeTarget "MoneyTacticsUITests" */ = {
			isa = XCConfigurationList;
			buildConfigurations = (
				09DABD9D27F8AB10009160EB /* Debug */,
				09DABD9E27F8AB10009160EB /* Release */,
			);
			defaultConfigurationIsVisible = 0;
			defaultConfigurationName = Release;
		};
/* End XCConfigurationList section */

/* Begin XCVersionGroup section */
		09DABD7B27F8AB10009160EB /* MoneyTactics.xcdatamodeld */ = {
			isa = XCVersionGroup;
			children = (
				09DABD7C27F8AB10009160EB /* MoneyTactics.xcdatamodel */,
			);
			currentVersion = 09DABD7C27F8AB10009160EB /* MoneyTactics.xcdatamodel */;
			path = MoneyTactics.xcdatamodeld;
			sourceTree = "<group>";
			versionGroupType = wrapper.xcdatamodel;
		};
/* End XCVersionGroup section */
	};
	rootObject = 09DABD6527F8AB0E009160EB /* Project object */;
}
